<?xml version="1.0" encoding="utf-8"?>
<Project ToolsVersion="4.0" xmlns="http://schemas.microsoft.com/developer/msbuild/2003">
  <ItemGroup>
    <Filter Include="Source Files">
      <UniqueIdentifier>{4FC737F1-C7A5-4376-A066-2A32D752A2FF}</UniqueIdentifier>
      <Extensions>cpp;c;cc;cxx;c++;cppm;ixx;def;odl;idl;hpj;bat;asm;asmx</Extensions>
    </Filter>
    <Filter Include="Resource Files">
      <UniqueIdentifier>{67DA6AB6-F800-4c08-8B7A-83BB121AAD01}</UniqueIdentifier>
      <Extensions>rc;ico;cur;bmp;dlg;rc2;rct;bin;rgs;gif;jpg;jpeg;jpe;resx;tiff;tif;png;wav;mfcribbon-ms</Extensions>
    </Filter>
    <Filter Include="Shader Files">
      <UniqueIdentifier>{3a53070c-9569-4daf-860e-b27fd2ca0fb4}</UniqueIdentifier>
    </Filter>
    <Filter Include="Source Files\Components">
      <UniqueIdentifier>{752d51ab-f7f9-4593-8591-0f7752a4d1d4}</UniqueIdentifier>
    </Filter>
    <Filter Include="Source Files\utilities">
      <UniqueIdentifier>{6add8a96-e72f-4192-9746-80e14f2a5f58}</UniqueIdentifier>
    </Filter>
  </ItemGroup>
  <ItemGroup>
    <ClCompile Include="src\main.cpp">
      <Filter>Source Files</Filter>
    </ClCompile>
    <ClCompile Include="src\raii_glfw.cpp">
      <Filter>Source Files</Filter>
    </ClCompile>
    <ClCompile Include="src\shader.cpp">
      <Filter>Source Files</Filter>
    </ClCompile>
    <ClCompile Include="src\scene.cpp">
      <Filter>Source Files</Filter>
    </ClCompile>
    <ClCompile Include="src\axes.cpp">
      <Filter>Source Files\Components</Filter>
    </ClCompile>
    <ClCompile Include="src\grid.cpp">
      <Filter>Source Files\Components</Filter>
    </ClCompile>
    <ClCompile Include="src\wall.cpp">
      <Filter>Source Files\Components</Filter>
    </ClCompile>
    <ClCompile Include="src\floor.cpp">
      <Filter>Source Files\Components</Filter>
    </ClCompile>
    <ClCompile Include="src\texture.cpp">
      <Filter>Source Files</Filter>
    </ClCompile>
    <ClCompile Include="src\sphere.cpp">
      <Filter>Source Files\Components</Filter>
    </ClCompile>
    <ClCompile Include="src\light_source.cpp">
      <Filter>Source Files</Filter>
    </ClCompile>
    <ClCompile Include="src\quad_tree.cpp">
      <Filter>Source Files</Filter>
    </ClCompile>
    <ClCompile Include="src\camera.cpp">
      <Filter>Source Files\Components</Filter>
    </ClCompile>
    <ClCompile Include="src\fps_counter.cpp">
      <Filter>Source Files\utilities</Filter>
    </ClCompile>
    <ClCompile Include="src\user_control.cpp">
      <Filter>Source Files\utilities</Filter>
    </ClCompile>
    <ClCompile Include="src\global_timer.cpp">
      <Filter>Source Files\utilities</Filter>
    </ClCompile>
  </ItemGroup>
  <ItemGroup>
    <None Include="src\shaders\basic.frag">
      <Filter>Shader Files</Filter>
    </None>
    <None Include="src\shaders\basic.vert">
      <Filter>Shader Files</Filter>
    </None>
    <None Include="src\shaders\texture_lighting.frag">
      <Filter>Shader Files</Filter>
    </None>
    <None Include="src\shaders\texture_lighting.vert">
      <Filter>Shader Files</Filter>
    </None>
    <None Include="src\shaders\lighting.frag">
      <Filter>Shader Files</Filter>
    </None>
    <None Include="src\shaders\lighting.vert">
      <Filter>Shader Files</Filter>
    </None>
  </ItemGroup>
  <ItemGroup>
    <Image Include="textures\tile1.jpeg">
      <Filter>Resource Files</Filter>
    </Image>
    <Image Include="textures\tile2.jpeg">
      <Filter>Resource Files</Filter>
    </Image>
    <Image Include="textures\tile3.jpeg">
      <Filter>Resource Files</Filter>
    </Image>
    <Image Include="textures\tile4.jpeg">
      <Filter>Resource Files</Filter>
    </Image>
  </ItemGroup>
  <ItemGroup>
    <ClInclude Include="src\texture.h">
      <Filter>Source Files</Filter>
    </ClInclude>
    <ClInclude Include="src\shader.h">
      <Filter>Source Files</Filter>
    </ClInclude>
    <ClInclude Include="src\scene.h">
      <Filter>Source Files</Filter>
    </ClInclude>
    <ClInclude Include="src\axes.h">
      <Filter>Source Files\Components</Filter>
    </ClInclude>
    <ClInclude Include="src\camera.h">
      <Filter>Source Files\Components</Filter>
    </ClInclude>
    <ClInclude Include="src\floor.h">
      <Filter>Source Files\Components</Filter>
    </ClInclude>
    <ClInclude Include="src\grid.h">
      <Filter>Source Files\Components</Filter>
    </ClInclude>
    <ClInclude Include="src\sphere.h">
      <Filter>Source Files\Components</Filter>
    </ClInclude>
    <ClInclude Include="src\wall.h">
      <Filter>Source Files\Components</Filter>
    </ClInclude>
    <ClInclude Include="src\quad_tree.h">
      <Filter>Source Files</Filter>
    </ClInclude>
    <ClInclude Include="src\light_source.h">
      <Filter>Source Files</Filter>
    </ClInclude>
    <ClInclude Include="src\raii_glfw.h">
      <Filter>Source Files</Filter>
    </ClInclude>
    <ClInclude Include="src\fps_counter.h">
      <Filter>Source Files\utilities</Filter>
    </ClInclude>
    <ClInclude Include="src\user_control.h">
      <Filter>Source Files\utilities</Filter>
    </ClInclude>
    <ClInclude Include="src\global_timer.h">
      <Filter>Source Files\utilities</Filter>
    </ClInclude>
  </ItemGroup>
</Project>